
Microsoft Visual Studio Solution File, Format Version 12.00
# Visual Studio Version 17
VisualStudioVersion = 17.11.35303.130
MinimumVisualStudioVersion = 10.0.40219.1
Project("{8BC9CEB8-8B4A-11D0-8D11-00A0C91BC942}") = "ConsoleApplication2", "ConsoleApplication2\ConsoleApplication2.vcxproj", "{B30E88D9-10E9-41FB-91BE-E3AA323EF7B5}"
EndProject
Project("{8BC9CEB8-8B4A-11D0-8D11-00A0C91BC942}") = "UnitTest1", "UnitTest1\UnitTest1.vcxproj", "{1C04E557-99B1-48CC-B2F6-AEF5C613F653}"
EndProject
Global
	GlobalSection(SolutionConfigurationPlatforms) = preSolution
		Debug|x64 = Debug|x64
		Debug|x86 = Debug|x86
		Release|x64 = Release|x64
		Release|x86 = Release|x86
	EndGlobalSection
	GlobalSection(ProjectConfigurationPlatforms) = postSolution
		{B30E88D9-10E9-41FB-91BE-E3AA323EF7B5}.Debug|x64.ActiveCfg = Debug|x64
		{B30E88D9-10E9-41FB-91BE-E3AA323EF7B5}.Debug|x64.Build.0 = Debug|x64
		{B30E88D9-10E9-41FB-91BE-E3AA323EF7B5}.Debug|x86.ActiveCfg = Debug|Win32
		{B30E88D9-10E9-41FB-91BE-E3AA323EF7B5}.Debug|x86.Build.0 = Debug|Win32
		{B30E88D9-10E9-41FB-91BE-E3AA323EF7B5}.Release|x64.ActiveCfg = Release|x64
		{B30E88D9-10E9-41FB-91BE-E3AA323EF7B5}.Release|x64.Build.0 = Release|x64
		{B30E88D9-10E9-41FB-91BE-E3AA323EF7B5}.Release|x86.ActiveCfg = Release|Win32
		{B30E88D9-10E9-41FB-91BE-E3AA323EF7B5}.Release|x86.Build.0 = Release|Win32
		{1C04E557-99B1-48CC-B2F6-AEF5C613F653}.Debug|x64.ActiveCfg = Debug|x64
		{1C04E557-99B1-48CC-B2F6-AEF5C613F653}.Debug|x64.Build.0 = Debug|x64
		{1C04E557-99B1-48CC-B2F6-AEF5C613F653}.Debug|x86.ActiveCfg = Debug|Win32
		{1C04E557-99B1-48CC-B2F6-AEF5C613F653}.Debug|x86.Build.0 = Debug|Win32
		{1C04E557-99B1-48CC-B2F6-AEF5C613F653}.Release|x64.ActiveCfg = Release|x64
		{1C04E557-99B1-48CC-B2F6-AEF5C613F653}.Release|x64.Build.0 = Release|x64
		{1C04E557-99B1-48CC-B2F6-AEF5C613F653}.Release|x86.ActiveCfg = Release|Win32
		{1C04E557-99B1-48CC-B2F6-AEF5C613F653}.Release|x86.Build.0 = Release|Win32
	EndGlobalSection
	GlobalSection(SolutionProperties) = preSolution
		HideSolutionNode = FALSE
	EndGlobalSection
	GlobalSection(ExtensibilityGlobals) = postSolution
		SolutionGuid = {59A7E518-C3AD-4E46-AA43-072ED5B24043}
	EndGlobalSection
EndGlobal
